
Microsoft Visual Studio Solution File, Format Version 12.00
# Visual Studio 14
VisualStudioVersion = 14.0.25420.1
MinimumVisualStudioVersion = 10.0.40219.1
Project("{FAE04EC0-301F-11D3-BF4B-00C04F79EFBC}") = "AutoCAD_PIK_Manager", "AutoCAD_PIK_Manager\AutoCAD_PIK_Manager.csproj", "{4EB22432-2EF3-4ECC-9C51-77E03175E3A4}"
EndProject
Project("{FAE04EC0-301F-11D3-BF4B-00C04F79EFBC}") = "UpdatePIKManager", "UpdatePIKManager\UpdatePIKManager.csproj", "{380C619F-9CDB-4024-BC46-E8CB67A20BC1}"
EndProject
Global
	GlobalSection(SolutionConfigurationPlatforms) = preSolution
		Debug|Any CPU = Debug|Any CPU
		Release|Any CPU = Release|Any CPU
	EndGlobalSection
	GlobalSection(ProjectConfigurationPlatforms) = postSolution
		{4EB22432-2EF3-4ECC-9C51-77E03175E3A4}.Debug|Any CPU.ActiveCfg = Debug|Any CPU
		{4EB22432-2EF3-4ECC-9C51-77E03175E3A4}.Debug|Any CPU.Build.0 = Debug|Any CPU
		{4EB22432-2EF3-4ECC-9C51-77E03175E3A4}.Release|Any CPU.ActiveCfg = Release|Any CPU
		{4EB22432-2EF3-4ECC-9C51-77E03175E3A4}.Release|Any CPU.Build.0 = Release|Any CPU
		{380C619F-9CDB-4024-BC46-E8CB67A20BC1}.Debug|Any CPU.ActiveCfg = Debug|Any CPU
		{380C619F-9CDB-4024-BC46-E8CB67A20BC1}.Debug|Any CPU.Build.0 = Debug|Any CPU
		{380C619F-9CDB-4024-BC46-E8CB67A20BC1}.Release|Any CPU.ActiveCfg = Release|Any CPU
		{380C619F-9CDB-4024-BC46-E8CB67A20BC1}.Release|Any CPU.Build.0 = Release|Any CPU
	EndGlobalSection
	GlobalSection(SolutionProperties) = preSolution
		HideSolutionNode = FALSE
	EndGlobalSection
EndGlobal
